
Microsoft Visual Studio Solution File, Format Version 12.00
# Visual Studio Version 17
VisualStudioVersion = 17.5.002.0
MinimumVisualStudioVersion = 10.0.40219.1
Project("{9A19103F-16F7-4668-BE54-9A1E7A4F7556}") = "lafacustore1", "lafacustore1.csproj", "{A3F7B465-0CAA-4682-A71C-A31CEC714B29}"
EndProject
Global
	GlobalSection(SolutionConfigurationPlatforms) = preSolution
		Debug|Any CPU = Debug|Any CPU
		Release|Any CPU = Release|Any CPU
	EndGlobalSection
	GlobalSection(ProjectConfigurationPlatforms) = postSolution
		{A3F7B465-0CAA-4682-A71C-A31CEC714B29}.Debug|Any CPU.ActiveCfg = Debug|Any CPU
		{A3F7B465-0CAA-4682-A71C-A31CEC714B29}.Debug|Any CPU.Build.0 = Debug|Any CPU
		{A3F7B465-0CAA-4682-A71C-A31CEC714B29}.Release|Any CPU.ActiveCfg = Release|Any CPU
		{A3F7B465-0CAA-4682-A71C-A31CEC714B29}.Release|Any CPU.Build.0 = Release|Any CPU
	EndGlobalSection
	GlobalSection(SolutionProperties) = preSolution
		HideSolutionNode = FALSE
	EndGlobalSection
	GlobalSection(ExtensibilityGlobals) = postSolution
		SolutionGuid = {B80CD5D9-2AA5-431D-82CA-EB3B388880FD}
	EndGlobalSection
EndGlobal
